
Microsoft Visual Studio Solution File, Format Version 12.00
# Visual Studio Version 17
VisualStudioVersion = 17.10.35004.147
MinimumVisualStudioVersion = 10.0.40219.1
Project("{FAE04EC0-301F-11D3-BF4B-00C04F79EFBC}") = "PryHotelRubi", "PryHotelRubi\PryHotelRubi.csproj", "{23E1E87B-424C-4227-8BE5-B594FEC42515}"
EndProject
Global
	GlobalSection(SolutionConfigurationPlatforms) = preSolution
		Debug|Any CPU = Debug|Any CPU
		Release|Any CPU = Release|Any CPU
	EndGlobalSection
	GlobalSection(ProjectConfigurationPlatforms) = postSolution
		{23E1E87B-424C-4227-8BE5-B594FEC42515}.Debug|Any CPU.ActiveCfg = Debug|Any CPU
		{23E1E87B-424C-4227-8BE5-B594FEC42515}.Debug|Any CPU.Build.0 = Debug|Any CPU
		{23E1E87B-424C-4227-8BE5-B594FEC42515}.Release|Any CPU.ActiveCfg = Release|Any CPU
		{23E1E87B-424C-4227-8BE5-B594FEC42515}.Release|Any CPU.Build.0 = Release|Any CPU
	EndGlobalSection
	GlobalSection(SolutionProperties) = preSolution
		HideSolutionNode = FALSE
	EndGlobalSection
	GlobalSection(ExtensibilityGlobals) = postSolution
		SolutionGuid = {80C70E8E-EC21-4937-8D16-F4C946299A48}
	EndGlobalSection
EndGlobal
